// !$*UTF8*$!
{
	archiveVersion = 1;
	classes = {
	};
	objectVersion = 56;
	objects = {

/* Begin PBXBuildFile section */
		ABAA75E4297867A700DDD65B /* AppDelegate.swift in Sources */ = {isa = PBXBuildFile; fileRef = ABAA75E3297867A700DDD65B /* AppDelegate.swift */; };
		ABAA75E6297867A700DDD65B /* SceneDelegate.swift in Sources */ = {isa = PBXBuildFile; fileRef = ABAA75E5297867A700DDD65B /* SceneDelegate.swift */; };
		ABAA75E8297867A700DDD65B /* NotesViewController.swift in Sources */ = {isa = PBXBuildFile; fileRef = ABAA75E7297867A700DDD65B /* NotesViewController.swift */; };
		ABAA75ED297867A800DDD65B /* Assets.xcassets in Resources */ = {isa = PBXBuildFile; fileRef = ABAA75EC297867A800DDD65B /* Assets.xcassets */; };
		ABAA75F0297867A800DDD65B /* LaunchScreen.storyboard in Resources */ = {isa = PBXBuildFile; fileRef = ABAA75EE297867A800DDD65B /* LaunchScreen.storyboard */; };
		ABAA75FB297867A800DDD65B /* NotesTests.swift in Sources */ = {isa = PBXBuildFile; fileRef = ABAA75FA297867A800DDD65B /* NotesTests.swift */; };
		ABAA7605297867A800DDD65B /* NotesUITests.swift in Sources */ = {isa = PBXBuildFile; fileRef = ABAA7604297867A800DDD65B /* NotesUITests.swift */; };
		ABAA7607297867A800DDD65B /* NotesUITestsLaunchTests.swift in Sources */ = {isa = PBXBuildFile; fileRef = ABAA7606297867A800DDD65B /* NotesUITestsLaunchTests.swift */; };
		ABAA76142979D4BD00DDD65B /* NotesCell.swift in Sources */ = {isa = PBXBuildFile; fileRef = ABAA76132979D4BD00DDD65B /* NotesCell.swift */; };
		ABAA76182979D6D400DDD65B /* Identifiable.swift in Sources */ = {isa = PBXBuildFile; fileRef = ABAA76172979D6D400DDD65B /* Identifiable.swift */; };
		ABAA761A2979FD9600DDD65B /* NoteViewModel.swift in Sources */ = {isa = PBXBuildFile; fileRef = ABAA76192979FD9600DDD65B /* NoteViewModel.swift */; };
		ABAA761C297AE12200DDD65B /* NoteViewController.swift in Sources */ = {isa = PBXBuildFile; fileRef = ABAA761B297AE12200DDD65B /* NoteViewController.swift */; };
		ABAA761E297B683C00DDD65B /* ViewControllerFactory.swift in Sources */ = {isa = PBXBuildFile; fileRef = ABAA761D297B683C00DDD65B /* ViewControllerFactory.swift */; };
/* End PBXBuildFile section */

/* Begin PBXContainerItemProxy section */
		ABAA75F7297867A800DDD65B /* PBXContainerItemProxy */ = {
			isa = PBXContainerItemProxy;
			containerPortal = ABAA75D8297867A700DDD65B /* Project object */;
			proxyType = 1;
			remoteGlobalIDString = ABAA75DF297867A700DDD65B;
			remoteInfo = Notes;
		};
		ABAA7601297867A800DDD65B /* PBXContainerItemProxy */ = {
			isa = PBXContainerItemProxy;
			containerPortal = ABAA75D8297867A700DDD65B /* Project object */;
			proxyType = 1;
			remoteGlobalIDString = ABAA75DF297867A700DDD65B;
			remoteInfo = Notes;
		};
/* End PBXContainerItemProxy section */

/* Begin PBXFileReference section */
		ABAA75E0297867A700DDD65B /* Notes.app */ = {isa = PBXFileReference; explicitFileType = wrapper.application; includeInIndex = 0; path = Notes.app; sourceTree = BUILT_PRODUCTS_DIR; };
		ABAA75E3297867A700DDD65B /* AppDelegate.swift */ = {isa = PBXFileReference; lastKnownFileType = sourcecode.swift; path = AppDelegate.swift; sourceTree = "<group>"; };
		ABAA75E5297867A700DDD65B /* SceneDelegate.swift */ = {isa = PBXFileReference; lastKnownFileType = sourcecode.swift; path = SceneDelegate.swift; sourceTree = "<group>"; };
		ABAA75E7297867A700DDD65B /* NotesViewController.swift */ = {isa = PBXFileReference; lastKnownFileType = sourcecode.swift; path = NotesViewController.swift; sourceTree = "<group>"; };
		ABAA75EC297867A800DDD65B /* Assets.xcassets */ = {isa = PBXFileReference; lastKnownFileType = folder.assetcatalog; path = Assets.xcassets; sourceTree = "<group>"; };
		ABAA75EF297867A800DDD65B /* Base */ = {isa = PBXFileReference; lastKnownFileType = file.storyboard; name = Base; path = Base.lproj/LaunchScreen.storyboard; sourceTree = "<group>"; };
		ABAA75F1297867A800DDD65B /* Info.plist */ = {isa = PBXFileReference; lastKnownFileType = text.plist.xml; path = Info.plist; sourceTree = "<group>"; };
		ABAA75F6297867A800DDD65B /* NotesTests.xctest */ = {isa = PBXFileReference; explicitFileType = wrapper.cfbundle; includeInIndex = 0; path = NotesTests.xctest; sourceTree = BUILT_PRODUCTS_DIR; };
		ABAA75FA297867A800DDD65B /* NotesTests.swift */ = {isa = PBXFileReference; lastKnownFileType = sourcecode.swift; path = NotesTests.swift; sourceTree = "<group>"; };
		ABAA7600297867A800DDD65B /* NotesUITests.xctest */ = {isa = PBXFileReference; explicitFileType = wrapper.cfbundle; includeInIndex = 0; path = NotesUITests.xctest; sourceTree = BUILT_PRODUCTS_DIR; };
		ABAA7604297867A800DDD65B /* NotesUITests.swift */ = {isa = PBXFileReference; lastKnownFileType = sourcecode.swift; path = NotesUITests.swift; sourceTree = "<group>"; };
		ABAA7606297867A800DDD65B /* NotesUITestsLaunchTests.swift */ = {isa = PBXFileReference; lastKnownFileType = sourcecode.swift; path = NotesUITestsLaunchTests.swift; sourceTree = "<group>"; };
		ABAA76132979D4BD00DDD65B /* NotesCell.swift */ = {isa = PBXFileReference; lastKnownFileType = sourcecode.swift; path = NotesCell.swift; sourceTree = "<group>"; };
		ABAA76172979D6D400DDD65B /* Identifiable.swift */ = {isa = PBXFileReference; lastKnownFileType = sourcecode.swift; path = Identifiable.swift; sourceTree = "<group>"; };
		ABAA76192979FD9600DDD65B /* NoteViewModel.swift */ = {isa = PBXFileReference; lastKnownFileType = sourcecode.swift; path = NoteViewModel.swift; sourceTree = "<group>"; };
		ABAA761B297AE12200DDD65B /* NoteViewController.swift */ = {isa = PBXFileReference; lastKnownFileType = sourcecode.swift; path = NoteViewController.swift; sourceTree = "<group>"; };
		ABAA761D297B683C00DDD65B /* ViewControllerFactory.swift */ = {isa = PBXFileReference; lastKnownFileType = sourcecode.swift; path = ViewControllerFactory.swift; sourceTree = "<group>"; };
/* End PBXFileReference section */

/* Begin PBXFrameworksBuildPhase section */
		ABAA75DD297867A700DDD65B /* Frameworks */ = {
			isa = PBXFrameworksBuildPhase;
			buildActionMask = 2147483647;
			files = (
			);
			runOnlyForDeploymentPostprocessing = 0;
		};
		ABAA75F3297867A800DDD65B /* Frameworks */ = {
			isa = PBXFrameworksBuildPhase;
			buildActionMask = 2147483647;
			files = (
			);
			runOnlyForDeploymentPostprocessing = 0;
		};
		ABAA75FD297867A800DDD65B /* Frameworks */ = {
			isa = PBXFrameworksBuildPhase;
			buildActionMask = 2147483647;
			files = (
			);
			runOnlyForDeploymentPostprocessing = 0;
		};
/* End PBXFrameworksBuildPhase section */

/* Begin PBXGroup section */
		ABAA75D7297867A700DDD65B = {
			isa = PBXGroup;
			children = (
				ABAA75F9297867A800DDD65B /* NotesTests */,
				ABAA7603297867A800DDD65B /* NotesUITests */,
				ABAA75E2297867A700DDD65B /* Notes */,
				ABAA75E1297867A700DDD65B /* Products */,
			);
			sourceTree = "<group>";
		};
		ABAA75E1297867A700DDD65B /* Products */ = {
			isa = PBXGroup;
			children = (
				ABAA75E0297867A700DDD65B /* Notes.app */,
				ABAA75F6297867A800DDD65B /* NotesTests.xctest */,
				ABAA7600297867A800DDD65B /* NotesUITests.xctest */,
			);
			name = Products;
			sourceTree = "<group>";
		};
		ABAA75E2297867A700DDD65B /* Notes */ = {
			isa = PBXGroup;
			children = (
				ABAA76162979D6BE00DDD65B /* Helpers */,
				ABAA76152979D4D700DDD65B /* Supporting Files */,
				ABAA761F297B738200DDD65B /* Presentation */,
				ABAA761D297B683C00DDD65B /* ViewControllerFactory.swift */,
			);
			path = Notes;
			sourceTree = "<group>";
		};
		ABAA75F9297867A800DDD65B /* NotesTests */ = {
			isa = PBXGroup;
			children = (
				ABAA75FA297867A800DDD65B /* NotesTests.swift */,
			);
			path = NotesTests;
			sourceTree = "<group>";
		};
		ABAA7603297867A800DDD65B /* NotesUITests */ = {
			isa = PBXGroup;
			children = (
				ABAA7604297867A800DDD65B /* NotesUITests.swift */,
				ABAA7606297867A800DDD65B /* NotesUITestsLaunchTests.swift */,
			);
			path = NotesUITests;
			sourceTree = "<group>";
		};
		ABAA76152979D4D700DDD65B /* Supporting Files */ = {
			isa = PBXGroup;
			children = (
				ABAA75E3297867A700DDD65B /* AppDelegate.swift */,
				ABAA75EE297867A800DDD65B /* LaunchScreen.storyboard */,
				ABAA75EC297867A800DDD65B /* Assets.xcassets */,
				ABAA75E5297867A700DDD65B /* SceneDelegate.swift */,
				ABAA75F1297867A800DDD65B /* Info.plist */,
			);
			path = "Supporting Files";
			sourceTree = "<group>";
		};
		ABAA76162979D6BE00DDD65B /* Helpers */ = {
			isa = PBXGroup;
			children = (
				ABAA76172979D6D400DDD65B /* Identifiable.swift */,
			);
			path = Helpers;
			sourceTree = "<group>";
		};
		ABAA761F297B738200DDD65B /* Presentation */ = {
			isa = PBXGroup;
			children = (
				ABAA7620297B73B500DDD65B /* Notes */,
				ABAA7621297B742900DDD65B /* Note */,
			);
			path = Presentation;
			sourceTree = "<group>";
		};
		ABAA7620297B73B500DDD65B /* Notes */ = {
			isa = PBXGroup;
			children = (
				ABAA75E7297867A700DDD65B /* NotesViewController.swift */,
				ABAA76132979D4BD00DDD65B /* NotesCell.swift */,
				ABAA76192979FD9600DDD65B /* NoteViewModel.swift */,
			);
			path = Notes;
			sourceTree = "<group>";
		};
		ABAA7621297B742900DDD65B /* Note */ = {
			isa = PBXGroup;
			children = (
				ABAA761B297AE12200DDD65B /* NoteViewController.swift */,
			);
			path = Note;
			sourceTree = "<group>";
		};
/* End PBXGroup section */

/* Begin PBXNativeTarget section */
		ABAA75DF297867A700DDD65B /* Notes */ = {
			isa = PBXNativeTarget;
			buildConfigurationList = ABAA760A297867A800DDD65B /* Build configuration list for PBXNativeTarget "Notes" */;
			buildPhases = (
				ABAA75DC297867A700DDD65B /* Sources */,
				ABAA75DD297867A700DDD65B /* Frameworks */,
				ABAA75DE297867A700DDD65B /* Resources */,
			);
			buildRules = (
			);
			dependencies = (
			);
			name = Notes;
			productName = Notes;
			productReference = ABAA75E0297867A700DDD65B /* Notes.app */;
			productType = "com.apple.product-type.application";
		};
		ABAA75F5297867A800DDD65B /* NotesTests */ = {
			isa = PBXNativeTarget;
			buildConfigurationList = ABAA760D297867A800DDD65B /* Build configuration list for PBXNativeTarget "NotesTests" */;
			buildPhases = (
				ABAA75F2297867A800DDD65B /* Sources */,
				ABAA75F3297867A800DDD65B /* Frameworks */,
				ABAA75F4297867A800DDD65B /* Resources */,
			);
			buildRules = (
			);
			dependencies = (
				ABAA75F8297867A800DDD65B /* PBXTargetDependency */,
			);
			name = NotesTests;
			productName = NotesTests;
			productReference = ABAA75F6297867A800DDD65B /* NotesTests.xctest */;
			productType = "com.apple.product-type.bundle.unit-test";
		};
		ABAA75FF297867A800DDD65B /* NotesUITests */ = {
			isa = PBXNativeTarget;
			buildConfigurationList = ABAA7610297867A800DDD65B /* Build configuration list for PBXNativeTarget "NotesUITests" */;
			buildPhases = (
				ABAA75FC297867A800DDD65B /* Sources */,
				ABAA75FD297867A800DDD65B /* Frameworks */,
				ABAA75FE297867A800DDD65B /* Resources */,
			);
			buildRules = (
			);
			dependencies = (
				ABAA7602297867A800DDD65B /* PBXTargetDependency */,
			);
			name = NotesUITests;
			productName = NotesUITests;
			productReference = ABAA7600297867A800DDD65B /* NotesUITests.xctest */;
			productType = "com.apple.product-type.bundle.ui-testing";
		};
/* End PBXNativeTarget section */

/* Begin PBXProject section */
		ABAA75D8297867A700DDD65B /* Project object */ = {
			isa = PBXProject;
			attributes = {
				BuildIndependentTargetsInParallel = 1;
				LastSwiftUpdateCheck = 1420;
				LastUpgradeCheck = 1420;
				TargetAttributes = {
					ABAA75DF297867A700DDD65B = {
						CreatedOnToolsVersion = 14.2;
					};
					ABAA75F5297867A800DDD65B = {
						CreatedOnToolsVersion = 14.2;
						TestTargetID = ABAA75DF297867A700DDD65B;
					};
					ABAA75FF297867A800DDD65B = {
						CreatedOnToolsVersion = 14.2;
						TestTargetID = ABAA75DF297867A700DDD65B;
					};
				};
			};
			buildConfigurationList = ABAA75DB297867A700DDD65B /* Build configuration list for PBXProject "Notes" */;
			compatibilityVersion = "Xcode 14.0";
			developmentRegion = en;
			hasScannedForEncodings = 0;
			knownRegions = (
				en,
				Base,
			);
			mainGroup = ABAA75D7297867A700DDD65B;
			productRefGroup = ABAA75E1297867A700DDD65B /* Products */;
			projectDirPath = "";
			projectRoot = "";
			targets = (
				ABAA75DF297867A700DDD65B /* Notes */,
				ABAA75F5297867A800DDD65B /* NotesTests */,
				ABAA75FF297867A800DDD65B /* NotesUITests */,
			);
		};
/* End PBXProject section */

/* Begin PBXResourcesBuildPhase section */
		ABAA75DE297867A700DDD65B /* Resources */ = {
			isa = PBXResourcesBuildPhase;
			buildActionMask = 2147483647;
			files = (
				ABAA75F0297867A800DDD65B /* LaunchScreen.storyboard in Resources */,
				ABAA75ED297867A800DDD65B /* Assets.xcassets in Resources */,
			);
			runOnlyForDeploymentPostprocessing = 0;
		};
		ABAA75F4297867A800DDD65B /* Resources */ = {
			isa = PBXResourcesBuildPhase;
			buildActionMask = 2147483647;
			files = (
			);
			runOnlyForDeploymentPostprocessing = 0;
		};
		ABAA75FE297867A800DDD65B /* Resources */ = {
			isa = PBXResourcesBuildPhase;
			buildActionMask = 2147483647;
			files = (
			);
			runOnlyForDeploymentPostprocessing = 0;
		};
/* End PBXResourcesBuildPhase section */

/* Begin PBXSourcesBuildPhase section */
		ABAA75DC297867A700DDD65B /* Sources */ = {
			isa = PBXSourcesBuildPhase;
			buildActionMask = 2147483647;
			files = (
				ABAA761C297AE12200DDD65B /* NoteViewController.swift in Sources */,
				ABAA75E8297867A700DDD65B /* NotesViewController.swift in Sources */,
				ABAA75E4297867A700DDD65B /* AppDelegate.swift in Sources */,
				ABAA761A2979FD9600DDD65B /* NoteViewModel.swift in Sources */,
				ABAA75E6297867A700DDD65B /* SceneDelegate.swift in Sources */,
				ABAA761E297B683C00DDD65B /* ViewControllerFactory.swift in Sources */,
				ABAA76182979D6D400DDD65B /* Identifiable.swift in Sources */,
				ABAA76142979D4BD00DDD65B /* NotesCell.swift in Sources */,
			);
			runOnlyForDeploymentPostprocessing = 0;
		};
		ABAA75F2297867A800DDD65B /* Sources */ = {
			isa = PBXSourcesBuildPhase;
			buildActionMask = 2147483647;
			files = (
				ABAA75FB297867A800DDD65B /* NotesTests.swift in Sources */,
			);
			runOnlyForDeploymentPostprocessing = 0;
		};
		ABAA75FC297867A800DDD65B /* Sources */ = {
			isa = PBXSourcesBuildPhase;
			buildActionMask = 2147483647;
			files = (
				ABAA7607297867A800DDD65B /* NotesUITestsLaunchTests.swift in Sources */,
				ABAA7605297867A800DDD65B /* NotesUITests.swift in Sources */,
			);
			runOnlyForDeploymentPostprocessing = 0;
		};
/* End PBXSourcesBuildPhase section */

/* Begin PBXTargetDependency section */
		ABAA75F8297867A800DDD65B /* PBXTargetDependency */ = {
			isa = PBXTargetDependency;
			target = ABAA75DF297867A700DDD65B /* Notes */;
			targetProxy = ABAA75F7297867A800DDD65B /* PBXContainerItemProxy */;
		};
		ABAA7602297867A800DDD65B /* PBXTargetDependency */ = {
			isa = PBXTargetDependency;
			target = ABAA75DF297867A700DDD65B /* Notes */;
			targetProxy = ABAA7601297867A800DDD65B /* PBXContainerItemProxy */;
		};
/* End PBXTargetDependency section */

/* Begin PBXVariantGroup section */
		ABAA75EE297867A800DDD65B /* LaunchScreen.storyboard */ = {
			isa = PBXVariantGroup;
			children = (
				ABAA75EF297867A800DDD65B /* Base */,
			);
			name = LaunchScreen.storyboard;
			sourceTree = "<group>";
		};
/* End PBXVariantGroup section */

/* Begin XCBuildConfiguration section */
		ABAA7608297867A800DDD65B /* Debug */ = {
			isa = XCBuildConfiguration;
			buildSettings = {
				ALWAYS_SEARCH_USER_PATHS = NO;
				CLANG_ANALYZER_NONNULL = YES;
				CLANG_ANALYZER_NUMBER_OBJECT_CONVERSION = YES_AGGRESSIVE;
				CLANG_CXX_LANGUAGE_STANDARD = "gnu++20";
				CLANG_ENABLE_MODULES = YES;
				CLANG_ENABLE_OBJC_ARC = YES;
				CLANG_ENABLE_OBJC_WEAK = YES;
				CLANG_WARN_BLOCK_CAPTURE_AUTORELEASING = YES;
				CLANG_WARN_BOOL_CONVERSION = YES;
				CLANG_WARN_COMMA = YES;
				CLANG_WARN_CONSTANT_CONVERSION = YES;
				CLANG_WARN_DEPRECATED_OBJC_IMPLEMENTATIONS = YES;
				CLANG_WARN_DIRECT_OBJC_ISA_USAGE = YES_ERROR;
				CLANG_WARN_DOCUMENTATION_COMMENTS = YES;
				CLANG_WARN_EMPTY_BODY = YES;
				CLANG_WARN_ENUM_CONVERSION = YES;
				CLANG_WARN_INFINITE_RECURSION = YES;
				CLANG_WARN_INT_CONVERSION = YES;
				CLANG_WARN_NON_LITERAL_NULL_CONVERSION = YES;
				CLANG_WARN_OBJC_IMPLICIT_RETAIN_SELF = YES;
				CLANG_WARN_OBJC_LITERAL_CONVERSION = YES;
				CLANG_WARN_OBJC_ROOT_CLASS = YES_ERROR;
				CLANG_WARN_QUOTED_INCLUDE_IN_FRAMEWORK_HEADER = YES;
				CLANG_WARN_RANGE_LOOP_ANALYSIS = YES;
				CLANG_WARN_STRICT_PROTOTYPES = YES;
				CLANG_WARN_SUSPICIOUS_MOVE = YES;
				CLANG_WARN_UNGUARDED_AVAILABILITY = YES_AGGRESSIVE;
				CLANG_WARN_UNREACHABLE_CODE = YES;
				CLANG_WARN__DUPLICATE_METHOD_MATCH = YES;
				COPY_PHASE_STRIP = NO;
				DEBUG_INFORMATION_FORMAT = dwarf;
				ENABLE_STRICT_OBJC_MSGSEND = YES;
				ENABLE_TESTABILITY = YES;
				GCC_C_LANGUAGE_STANDARD = gnu11;
				GCC_DYNAMIC_NO_PIC = NO;
				GCC_NO_COMMON_BLOCKS = YES;
				GCC_OPTIMIZATION_LEVEL = 0;
				GCC_PREPROCESSOR_DEFINITIONS = (
					"DEBUG=1",
					"$(inherited)",
				);
				GCC_WARN_64_TO_32_BIT_CONVERSION = YES;
				GCC_WARN_ABOUT_RETURN_TYPE = YES_ERROR;
				GCC_WARN_UNDECLARED_SELECTOR = YES;
				GCC_WARN_UNINITIALIZED_AUTOS = YES_AGGRESSIVE;
				GCC_WARN_UNUSED_FUNCTION = YES;
				GCC_WARN_UNUSED_VARIABLE = YES;
				IPHONEOS_DEPLOYMENT_TARGET = 16.2;
				MTL_ENABLE_DEBUG_INFO = INCLUDE_SOURCE;
				MTL_FAST_MATH = YES;
				ONLY_ACTIVE_ARCH = YES;
				SDKROOT = iphoneos;
				SWIFT_ACTIVE_COMPILATION_CONDITIONS = DEBUG;
				SWIFT_OPTIMIZATION_LEVEL = "-Onone";
			};
			name = Debug;
		};
		ABAA7609297867A800DDD65B /* Release */ = {
			isa = XCBuildConfiguration;
			buildSettings = {
				ALWAYS_SEARCH_USER_PATHS = NO;
				CLANG_ANALYZER_NONNULL = YES;
				CLANG_ANALYZER_NUMBER_OBJECT_CONVERSION = YES_AGGRESSIVE;
				CLANG_CXX_LANGUAGE_STANDARD = "gnu++20";
				CLANG_ENABLE_MODULES = YES;
				CLANG_ENABLE_OBJC_ARC = YES;
				CLANG_ENABLE_OBJC_WEAK = YES;
				CLANG_WARN_BLOCK_CAPTURE_AUTORELEASING = YES;
				CLANG_WARN_BOOL_CONVERSION = YES;
				CLANG_WARN_COMMA = YES;
				CLANG_WARN_CONSTANT_CONVERSION = YES;
				CLANG_WARN_DEPRECATED_OBJC_IMPLEMENTATIONS = YES;
				CLANG_WARN_DIRECT_OBJC_ISA_USAGE = YES_ERROR;
				CLANG_WARN_DOCUMENTATION_COMMENTS = YES;
				CLANG_WARN_EMPTY_BODY = YES;
				CLANG_WARN_ENUM_CONVERSION = YES;
				CLANG_WARN_INFINITE_RECURSION = YES;
				CLANG_WARN_INT_CONVERSION = YES;
				CLANG_WARN_NON_LITERAL_NULL_CONVERSION = YES;
				CLANG_WARN_OBJC_IMPLICIT_RETAIN_SELF = YES;
				CLANG_WARN_OBJC_LITERAL_CONVERSION = YES;
				CLANG_WARN_OBJC_ROOT_CLASS = YES_ERROR;
				CLANG_WARN_QUOTED_INCLUDE_IN_FRAMEWORK_HEADER = YES;
				CLANG_WARN_RANGE_LOOP_ANALYSIS = YES;
				CLANG_WARN_STRICT_PROTOTYPES = YES;
				CLANG_WARN_SUSPICIOUS_MOVE = YES;
				CLANG_WARN_UNGUARDED_AVAILABILITY = YES_AGGRESSIVE;
				CLANG_WARN_UNREACHABLE_CODE = YES;
				CLANG_WARN__DUPLICATE_METHOD_MATCH = YES;
				COPY_PHASE_STRIP = NO;
				DEBUG_INFORMATION_FORMAT = "dwarf-with-dsym";
				ENABLE_NS_ASSERTIONS = NO;
				ENABLE_STRICT_OBJC_MSGSEND = YES;
				GCC_C_LANGUAGE_STANDARD = gnu11;
				GCC_NO_COMMON_BLOCKS = YES;
				GCC_WARN_64_TO_32_BIT_CONVERSION = YES;
				GCC_WARN_ABOUT_RETURN_TYPE = YES_ERROR;
				GCC_WARN_UNDECLARED_SELECTOR = YES;
				GCC_WARN_UNINITIALIZED_AUTOS = YES_AGGRESSIVE;
				GCC_WARN_UNUSED_FUNCTION = YES;
				GCC_WARN_UNUSED_VARIABLE = YES;
				IPHONEOS_DEPLOYMENT_TARGET = 16.2;
				MTL_ENABLE_DEBUG_INFO = NO;
				MTL_FAST_MATH = YES;
				SDKROOT = iphoneos;
				SWIFT_COMPILATION_MODE = wholemodule;
				SWIFT_OPTIMIZATION_LEVEL = "-O";
				VALIDATE_PRODUCT = YES;
			};
			name = Release;
		};
		ABAA760B297867A800DDD65B /* Debug */ = {
			isa = XCBuildConfiguration;
			buildSettings = {
				ASSETCATALOG_COMPILER_APPICON_NAME = AppIcon;
				ASSETCATALOG_COMPILER_GLOBAL_ACCENT_COLOR_NAME = AccentColor;
				CODE_SIGN_STYLE = Automatic;
				CURRENT_PROJECT_VERSION = 1;
				DEVELOPMENT_TEAM = 7TFRW3KMV7;
				GENERATE_INFOPLIST_FILE = YES;
				INFOPLIST_FILE = "Notes/Supporting Files/Info.plist";
				INFOPLIST_KEY_UIApplicationSupportsIndirectInputEvents = YES;
				INFOPLIST_KEY_UILaunchStoryboardName = LaunchScreen;
				INFOPLIST_KEY_UISupportedInterfaceOrientations = "UIInterfaceOrientationLandscapeLeft UIInterfaceOrientationPortrait";
				LD_RUNPATH_SEARCH_PATHS = (
					"$(inherited)",
					"@executable_path/Frameworks",
				);
				MARKETING_VERSION = 1.0;
				PRODUCT_BUNDLE_IDENTIFIER = com.ritulya.Notes;
				PRODUCT_NAME = "$(TARGET_NAME)";
				SWIFT_EMIT_LOC_STRINGS = YES;
				SWIFT_VERSION = 5.0;
				TARGETED_DEVICE_FAMILY = "1,2";
			};
			name = Debug;
		};
		ABAA760C297867A800DDD65B /* Release */ = {
			isa = XCBuildConfiguration;
			buildSettings = {
				ASSETCATALOG_COMPILER_APPICON_NAME = AppIcon;
				ASSETCATALOG_COMPILER_GLOBAL_ACCENT_COLOR_NAME = AccentColor;
				CODE_SIGN_STYLE = Automatic;
				CURRENT_PROJECT_VERSION = 1;
				DEVELOPMENT_TEAM = 7TFRW3KMV7;
				GENERATE_INFOPLIST_FILE = YES;
				INFOPLIST_FILE = "Notes/Supporting Files/Info.plist";
				INFOPLIST_KEY_UIApplicationSupportsIndirectInputEvents = YES;
				INFOPLIST_KEY_UILaunchStoryboardName = LaunchScreen;
				INFOPLIST_KEY_UISupportedInterfaceOrientations = "UIInterfaceOrientationLandscapeLeft UIInterfaceOrientationPortrait";
				LD_RUNPATH_SEARCH_PATHS = (
					"$(inherited)",
					"@executable_path/Frameworks",
				);
				MARKETING_VERSION = 1.0;
				PRODUCT_BUNDLE_IDENTIFIER = com.ritulya.Notes;
				PRODUCT_NAME = "$(TARGET_NAME)";
				SWIFT_EMIT_LOC_STRINGS = YES;
				SWIFT_VERSION = 5.0;
				TARGETED_DEVICE_FAMILY = "1,2";
			};
			name = Release;
		};
		ABAA760E297867A800DDD65B /* Debug */ = {
			isa = XCBuildConfiguration;
			buildSettings = {
				ALWAYS_EMBED_SWIFT_STANDARD_LIBRARIES = YES;
				BUNDLE_LOADER = "$(TEST_HOST)";
				CODE_SIGN_STYLE = Automatic;
				CURRENT_PROJECT_VERSION = 1;
				DEVELOPMENT_TEAM = 7TFRW3KMV7;
				GENERATE_INFOPLIST_FILE = YES;
				IPHONEOS_DEPLOYMENT_TARGET = 16.2;
				MARKETING_VERSION = 1.0;
				PRODUCT_BUNDLE_IDENTIFIER = com.ritulya.NotesTests;
				PRODUCT_NAME = "$(TARGET_NAME)";
				SWIFT_EMIT_LOC_STRINGS = NO;
				SWIFT_VERSION = 5.0;
				TARGETED_DEVICE_FAMILY = "1,2";
				TEST_HOST = "$(BUILT_PRODUCTS_DIR)/Notes.app/$(BUNDLE_EXECUTABLE_FOLDER_PATH)/Notes";
			};
			name = Debug;
		};
		ABAA760F297867A800DDD65B /* Release */ = {
			isa = XCBuildConfiguration;
			buildSettings = {
				ALWAYS_EMBED_SWIFT_STANDARD_LIBRARIES = YES;
				BUNDLE_LOADER = "$(TEST_HOST)";
				CODE_SIGN_STYLE = Automatic;
				CURRENT_PROJECT_VERSION = 1;
				DEVELOPMENT_TEAM = 7TFRW3KMV7;
				GENERATE_INFOPLIST_FILE = YES;
				IPHONEOS_DEPLOYMENT_TARGET = 16.2;
				MARKETING_VERSION = 1.0;
				PRODUCT_BUNDLE_IDENTIFIER = com.ritulya.NotesTests;
				PRODUCT_NAME = "$(TARGET_NAME)";
				SWIFT_EMIT_LOC_STRINGS = NO;
				SWIFT_VERSION = 5.0;
				TARGETED_DEVICE_FAMILY = "1,2";
				TEST_HOST = "$(BUILT_PRODUCTS_DIR)/Notes.app/$(BUNDLE_EXECUTABLE_FOLDER_PATH)/Notes";
			};
			name = Release;
		};
		ABAA7611297867A800DDD65B /* Debug */ = {
			isa = XCBuildConfiguration;
			buildSettings = {
				ALWAYS_EMBED_SWIFT_STANDARD_LIBRARIES = YES;
				CODE_SIGN_STYLE = Automatic;
				CURRENT_PROJECT_VERSION = 1;
				DEVELOPMENT_TEAM = 7TFRW3KMV7;
				GENERATE_INFOPLIST_FILE = YES;
				MARKETING_VERSION = 1.0;
				PRODUCT_BUNDLE_IDENTIFIER = com.ritulya.NotesUITests;
				PRODUCT_NAME = "$(TARGET_NAME)";
				SWIFT_EMIT_LOC_STRINGS = NO;
				SWIFT_VERSION = 5.0;
				TARGETED_DEVICE_FAMILY = "1,2";
				TEST_TARGET_NAME = Notes;
			};
			name = Debug;
		};
		ABAA7612297867A800DDD65B /* Release */ = {
			isa = XCBuildConfiguration;
			buildSettings = {
				ALWAYS_EMBED_SWIFT_STANDARD_LIBRARIES = YES;
				CODE_SIGN_STYLE = Automatic;
				CURRENT_PROJECT_VERSION = 1;
				DEVELOPMENT_TEAM = 7TFRW3KMV7;
				GENERATE_INFOPLIST_FILE = YES;
				MARKETING_VERSION = 1.0;
				PRODUCT_BUNDLE_IDENTIFIER = com.ritulya.NotesUITests;
				PRODUCT_NAME = "$(TARGET_NAME)";
				SWIFT_EMIT_LOC_STRINGS = NO;
				SWIFT_VERSION = 5.0;
				TARGETED_DEVICE_FAMILY = "1,2";
				TEST_TARGET_NAME = Notes;
			};
			name = Release;
		};
/* End XCBuildConfiguration section */

/* Begin XCConfigurationList section */
		ABAA75DB297867A700DDD65B /* Build configuration list for PBXProject "Notes" */ = {
			isa = XCConfigurationList;
			buildConfigurations = (
				ABAA7608297867A800DDD65B /* Debug */,
				ABAA7609297867A800DDD65B /* Release */,
			);
			defaultConfigurationIsVisible = 0;
			defaultConfigurationName = Release;
		};
		ABAA760A297867A800DDD65B /* Build configuration list for PBXNativeTarget "Notes" */ = {
			isa = XCConfigurationList;
			buildConfigurations = (
				ABAA760B297867A800DDD65B /* Debug */,
				ABAA760C297867A800DDD65B /* Release */,
			);
			defaultConfigurationIsVisible = 0;
			defaultConfigurationName = Release;
		};
		ABAA760D297867A800DDD65B /* Build configuration list for PBXNativeTarget "NotesTests" */ = {
			isa = XCConfigurationList;
			buildConfigurations = (
				ABAA760E297867A800DDD65B /* Debug */,
				ABAA760F297867A800DDD65B /* Release */,
			);
			defaultConfigurationIsVisible = 0;
			defaultConfigurationName = Release;
		};
		ABAA7610297867A800DDD65B /* Build configuration list for PBXNativeTarget "NotesUITests" */ = {
			isa = XCConfigurationList;
			buildConfigurations = (
				ABAA7611297867A800DDD65B /* Debug */,
				ABAA7612297867A800DDD65B /* Release */,
			);
			defaultConfigurationIsVisible = 0;
			defaultConfigurationName = Release;
		};
/* End XCConfigurationList section */
	};
	rootObject = ABAA75D8297867A700DDD65B /* Project object */;
}
